
Microsoft Visual Studio Solution File, Format Version 12.00
# Visual Studio Version 16
VisualStudioVersion = 16.0.30011.22
MinimumVisualStudioVersion = 10.0.40219.1
Project("{FAE04EC0-301F-11D3-BF4B-00C04F79EFBC}") = "SiteApi", "SiteApi\SiteApi.csproj", "{BE1DC356-A054-41A1-BCA1-3162BADFD305}"
EndProject
Global
	GlobalSection(SolutionConfigurationPlatforms) = preSolution
		Debug|Any CPU = Debug|Any CPU
		Release|Any CPU = Release|Any CPU
	EndGlobalSection
	GlobalSection(ProjectConfigurationPlatforms) = postSolution
		{BE1DC356-A054-41A1-BCA1-3162BADFD305}.Debug|Any CPU.ActiveCfg = Debug|Any CPU
		{BE1DC356-A054-41A1-BCA1-3162BADFD305}.Debug|Any CPU.Build.0 = Debug|Any CPU
		{BE1DC356-A054-41A1-BCA1-3162BADFD305}.Release|Any CPU.ActiveCfg = Release|Any CPU
		{BE1DC356-A054-41A1-BCA1-3162BADFD305}.Release|Any CPU.Build.0 = Release|Any CPU
	EndGlobalSection
	GlobalSection(SolutionProperties) = preSolution
		HideSolutionNode = FALSE
	EndGlobalSection
	GlobalSection(ExtensibilityGlobals) = postSolution
		SolutionGuid = {471B58A8-CF48-48DA-A1ED-940E7BD5785E}
	EndGlobalSection
EndGlobal
